--- 
dependencies: 
  ruby-debug: 
    group: 
    - :test
    version: ">= 0"
  dm-validations: 
    group: 
    - :default
    version: ~> 1.0.0
  rspec: 
    group: 
    - :test
    version: ~> 1.3.0
  dm-observer: 
    group: 
    - :default
    version: ~> 1.0.0
  dm-timestamps: 
    group: 
    - :default
    version: ~> 1.0.0
  dm-core: 
    group: 
    - :default
    version: ~> 1.0.0
  dm-do-adapter: 
    group: 
    - :default
    version: ~> 1.0.0
  dm-transactions: 
    group: 
    - :default
    version: ~> 1.0.0
  dm-sqlite-adapter: 
    group: 
    - :default
    version: ~> 1.0.0
  dm-sweatshop: 
    group: 
    - :test
    version: ~> 1.0.0
  dm-constraints: 
    group: 
    - :default
    version: ~> 1.0.0
  dm-migrations: 
    group: 
    - :default
    version: ~> 1.0.0
specs: 
- ZenTest: 
    version: 4.3.3
- RubyInline: 
    version: 3.8.4
- sexp_processor: 
    version: 3.0.4
- ParseTree: 
    version: 3.0.5
- addressable: 
    version: 2.1.2
- columnize: 
    version: 0.3.1
- data_objects: 
    version: 0.10.2
- extlib: 
    version: 0.9.15
- dm-core: 
    version: 1.0.0
- dm-migrations: 
    version: 1.0.0
- dm-constraints: 
    version: 1.0.0
- dm-do-adapter: 
    version: 1.0.0
- dm-observer: 
    version: 1.0.0
- do_sqlite3: 
    version: 0.10.2
- dm-sqlite-adapter: 
    version: 1.0.0
- randexp: 
    version: 0.1.5
- dm-sweatshop: 
    version: 1.0.0
- dm-timestamps: 
    version: 1.0.0
- dm-transactions: 
    version: 1.0.0
- dm-validations: 
    version: 1.0.0
- linecache: 
    version: "0.43"
- rspec: 
    version: 1.3.0
- ruby-debug-base: 
    version: 0.10.3
- ruby-debug: 
    version: 0.10.3
hash: 56806c46fdbf8cf098d6aea62fa326f4224c2f69
sources: 
- Rubygems: 
    uri: http://gemcutter.org
